// !$*UTF8*$!
{
	archiveVersion = 1;
	classes = {
	};
	objectVersion = 46;
	objects = {

/* Begin PBXBuildFile section */
		97AAA163163550B300178403 /* UIKit.framework in Frameworks */ = {isa = PBXBuildFile; fileRef = 97AAA162163550B300178403 /* UIKit.framework */; };
		97AAA165163550B300178403 /* Foundation.framework in Frameworks */ = {isa = PBXBuildFile; fileRef = 97AAA164163550B300178403 /* Foundation.framework */; };
		97AAA167163550B300178403 /* CoreGraphics.framework in Frameworks */ = {isa = PBXBuildFile; fileRef = 97AAA166163550B300178403 /* CoreGraphics.framework */; };
		97AAA16D163550B300178403 /* InfoPlist.strings in Resources */ = {isa = PBXBuildFile; fileRef = 97AAA16B163550B300178403 /* InfoPlist.strings */; };
		97AAA16F163550B300178403 /* main.m in Sources */ = {isa = PBXBuildFile; fileRef = 97AAA16E163550B300178403 /* main.m */; };
		97AAA173163550B300178403 /* AppDelegate.m in Sources */ = {isa = PBXBuildFile; fileRef = 97AAA172163550B300178403 /* AppDelegate.m */; };
		97AAA176163550B300178403 /* ViewController.m in Sources */ = {isa = PBXBuildFile; fileRef = 97AAA175163550B300178403 /* ViewController.m */; };
		97AAA179163550B300178403 /* ViewController.xib in Resources */ = {isa = PBXBuildFile; fileRef = 97AAA177163550B300178403 /* ViewController.xib */; };
		97AAA1871635667F00178403 /* Store.m in Sources */ = {isa = PBXBuildFile; fileRef = 97AAA1861635667F00178403 /* Store.m */; };
		9F9EB28D1768D38500592A6D /* Default-568h@2x.png in Resources */ = {isa = PBXBuildFile; fileRef = 9F9EB28C1768D38500592A6D /* Default-568h@2x.png */; };
/* End PBXBuildFile section */

/* Begin PBXFileReference section */
		97AAA15E163550B300178403 /* Telugu.app */ = {isa = PBXFileReference; explicitFileType = wrapper.application; includeInIndex = 0; path = Telugu.app; sourceTree = BUILT_PRODUCTS_DIR; };
		97AAA162163550B300178403 /* UIKit.framework */ = {isa = PBXFileReference; lastKnownFileType = wrapper.framework; name = UIKit.framework; path = System/Library/Frameworks/UIKit.framework; sourceTree = SDKROOT; };
		97AAA164163550B300178403 /* Foundation.framework */ = {isa = PBXFileReference; lastKnownFileType = wrapper.framework; name = Foundation.framework; path = System/Library/Frameworks/Foundation.framework; sourceTree = SDKROOT; };
		97AAA166163550B300178403 /* CoreGraphics.framework */ = {isa = PBXFileReference; lastKnownFileType = wrapper.framework; name = CoreGraphics.framework; path = System/Library/Frameworks/CoreGraphics.framework; sourceTree = SDKROOT; };
		97AAA16A163550B300178403 /* Telugu-Info.plist */ = {isa = PBXFileReference; lastKnownFileType = text.plist.xml; path = "Telugu-Info.plist"; sourceTree = "<group>"; };
		97AAA16C163550B300178403 /* en */ = {isa = PBXFileReference; lastKnownFileType = text.plist.strings; name = en; path = en.lproj/InfoPlist.strings; sourceTree = "<group>"; };
		97AAA16E163550B300178403 /* main.m */ = {isa = PBXFileReference; lastKnownFileType = sourcecode.c.objc; path = main.m; sourceTree = "<group>"; };
		97AAA170163550B300178403 /* Telugu-Prefix.pch */ = {isa = PBXFileReference; lastKnownFileType = sourcecode.c.h; path = "Telugu-Prefix.pch"; sourceTree = "<group>"; };
		97AAA171163550B300178403 /* AppDelegate.h */ = {isa = PBXFileReference; lastKnownFileType = sourcecode.c.h; path = AppDelegate.h; sourceTree = "<group>"; };
		97AAA172163550B300178403 /* AppDelegate.m */ = {isa = PBXFileReference; lastKnownFileType = sourcecode.c.objc; path = AppDelegate.m; sourceTree = "<group>"; };
		97AAA174163550B300178403 /* ViewController.h */ = {isa = PBXFileReference; lastKnownFileType = sourcecode.c.h; path = ViewController.h; sourceTree = "<group>"; };
		97AAA175163550B300178403 /* ViewController.m */ = {isa = PBXFileReference; lastKnownFileType = sourcecode.c.objc; path = ViewController.m; sourceTree = "<group>"; };
		97AAA178163550B300178403 /* en */ = {isa = PBXFileReference; lastKnownFileType = file.xib; name = en; path = en.lproj/ViewController.xib; sourceTree = "<group>"; };
		97AAA1851635667F00178403 /* Store.h */ = {isa = PBXFileReference; fileEncoding = 4; lastKnownFileType = sourcecode.c.h; path = Store.h; sourceTree = "<group>"; };
		97AAA1861635667F00178403 /* Store.m */ = {isa = PBXFileReference; fileEncoding = 4; lastKnownFileType = sourcecode.c.objc; path = Store.m; sourceTree = "<group>"; };
		9F9EB28C1768D38500592A6D /* Default-568h@2x.png */ = {isa = PBXFileReference; lastKnownFileType = image.png; path = "Default-568h@2x.png"; sourceTree = "<group>"; };
/* End PBXFileReference section */

/* Begin PBXFrameworksBuildPhase section */
		97AAA15B163550B300178403 /* Frameworks */ = {
			isa = PBXFrameworksBuildPhase;
			buildActionMask = 2147483647;
			files = (
				97AAA163163550B300178403 /* UIKit.framework in Frameworks */,
				97AAA165163550B300178403 /* Foundation.framework in Frameworks */,
				97AAA167163550B300178403 /* CoreGraphics.framework in Frameworks */,
			);
			runOnlyForDeploymentPostprocessing = 0;
		};
/* End PBXFrameworksBuildPhase section */

/* Begin PBXGroup section */
		97AAA153163550B300178403 = {
			isa = PBXGroup;
			children = (
				9F9EB28C1768D38500592A6D /* Default-568h@2x.png */,
				97AAA168163550B300178403 /* Telugu */,
				97AAA161163550B300178403 /* Frameworks */,
				97AAA15F163550B300178403 /* Products */,
			);
			sourceTree = "<group>";
		};
		97AAA15F163550B300178403 /* Products */ = {
			isa = PBXGroup;
			children = (
				97AAA15E163550B300178403 /* Telugu.app */,
			);
			name = Products;
			sourceTree = "<group>";
		};
		97AAA161163550B300178403 /* Frameworks */ = {
			isa = PBXGroup;
			children = (
				97AAA162163550B300178403 /* UIKit.framework */,
				97AAA164163550B300178403 /* Foundation.framework */,
				97AAA166163550B300178403 /* CoreGraphics.framework */,
			);
			name = Frameworks;
			sourceTree = "<group>";
		};
		97AAA168163550B300178403 /* Telugu */ = {
			isa = PBXGroup;
			children = (
				97AAA171163550B300178403 /* AppDelegate.h */,
				97AAA172163550B300178403 /* AppDelegate.m */,
				97AAA174163550B300178403 /* ViewController.h */,
				97AAA175163550B300178403 /* ViewController.m */,
				97AAA1851635667F00178403 /* Store.h */,
				97AAA1861635667F00178403 /* Store.m */,
				97AAA177163550B300178403 /* ViewController.xib */,
				97AAA169163550B300178403 /* Supporting Files */,
			);
			path = Telugu;
			sourceTree = "<group>";
		};
		97AAA169163550B300178403 /* Supporting Files */ = {
			isa = PBXGroup;
			children = (
				97AAA16A163550B300178403 /* Telugu-Info.plist */,
				97AAA16B163550B300178403 /* InfoPlist.strings */,
				97AAA16E163550B300178403 /* main.m */,
				97AAA170163550B300178403 /* Telugu-Prefix.pch */,
			);
			name = "Supporting Files";
			sourceTree = "<group>";
		};
/* End PBXGroup section */

/* Begin PBXNativeTarget section */
		97AAA15D163550B300178403 /* Telugu */ = {
			isa = PBXNativeTarget;
			buildConfigurationList = 97AAA17C163550B300178403 /* Build configuration list for PBXNativeTarget "Telugu" */;
			buildPhases = (
				97AAA15A163550B300178403 /* Sources */,
				97AAA15B163550B300178403 /* Frameworks */,
				97AAA15C163550B300178403 /* Resources */,
			);
			buildRules = (
			);
			dependencies = (
			);
			name = Telugu;
			productName = Telugu;
			productReference = 97AAA15E163550B300178403 /* Telugu.app */;
			productType = "com.apple.product-type.application";
		};
/* End PBXNativeTarget section */

/* Begin PBXProject section */
		97AAA155163550B300178403 /* Project object */ = {
			isa = PBXProject;
			attributes = {
				LastUpgradeCheck = 0420;
			};
			buildConfigurationList = 97AAA158163550B300178403 /* Build configuration list for PBXProject "Telugu" */;
			compatibilityVersion = "Xcode 3.2";
			developmentRegion = English;
			hasScannedForEncodings = 0;
			knownRegions = (
				en,
			);
			mainGroup = 97AAA153163550B300178403;
			productRefGroup = 97AAA15F163550B300178403 /* Products */;
			projectDirPath = "";
			projectRoot = "";
			targets = (
				97AAA15D163550B300178403 /* Telugu */,
			);
		};
/* End PBXProject section */

/* Begin PBXResourcesBuildPhase section */
		97AAA15C163550B300178403 /* Resources */ = {
			isa = PBXResourcesBuildPhase;
			buildActionMask = 2147483647;
			files = (
				97AAA16D163550B300178403 /* InfoPlist.strings in Resources */,
				97AAA179163550B300178403 /* ViewController.xib in Resources */,
				9F9EB28D1768D38500592A6D /* Default-568h@2x.png in Resources */,
			);
			runOnlyForDeploymentPostprocessing = 0;
		};
/* End PBXResourcesBuildPhase section */

/* Begin PBXSourcesBuildPhase section */
		97AAA15A163550B300178403 /* Sources */ = {
			isa = PBXSourcesBuildPhase;
			buildActionMask = 2147483647;
			files = (
				97AAA16F163550B300178403 /* main.m in Sources */,
				97AAA173163550B300178403 /* AppDelegate.m in Sources */,
				97AAA176163550B300178403 /* ViewController.m in Sources */,
				97AAA1871635667F00178403 /* Store.m in Sources */,
			);
			runOnlyForDeploymentPostprocessing = 0;
		};
/* End PBXSourcesBuildPhase section */

/* Begin PBXVariantGroup section */
		97AAA16B163550B300178403 /* InfoPlist.strings */ = {
			isa = PBXVariantGroup;
			children = (
				97AAA16C163550B300178403 /* en */,
			);
			name = InfoPlist.strings;
			sourceTree = "<group>";
		};
		97AAA177163550B300178403 /* ViewController.xib */ = {
			isa = PBXVariantGroup;
			children = (
				97AAA178163550B300178403 /* en */,
			);
			name = ViewController.xib;
			sourceTree = "<group>";
		};
/* End PBXVariantGroup section */

/* Begin XCBuildConfiguration section */
		97AAA17A163550B300178403 /* Debug */ = {
			isa = XCBuildConfiguration;
			buildSettings = {
				ALWAYS_SEARCH_USER_PATHS = NO;
				ARCHS = "$(ARCHS_STANDARD_32_BIT)";
				"CODE_SIGN_IDENTITY[sdk=iphoneos*]" = "iPhone Developer";
				COPY_PHASE_STRIP = NO;
				GCC_C_LANGUAGE_STANDARD = gnu99;
				GCC_DYNAMIC_NO_PIC = NO;
				GCC_OPTIMIZATION_LEVEL = 0;
				GCC_PREPROCESSOR_DEFINITIONS = (
					"DEBUG=1",
					"$(inherited)",
				);
				GCC_SYMBOLS_PRIVATE_EXTERN = NO;
				GCC_VERSION = com.apple.compilers.llvm.clang.1_0;
				GCC_WARN_ABOUT_MISSING_PROTOTYPES = YES;
				GCC_WARN_ABOUT_RETURN_TYPE = YES;
				GCC_WARN_UNUSED_VARIABLE = YES;
				IPHONEOS_DEPLOYMENT_TARGET = 5.0;
				SDKROOT = iphoneos;
			};
			name = Debug;
		};
		97AAA17B163550B300178403 /* Release */ = {
			isa = XCBuildConfiguration;
			buildSettings = {
				ALWAYS_SEARCH_USER_PATHS = NO;
				ARCHS = "$(ARCHS_STANDARD_32_BIT)";
				"CODE_SIGN_IDENTITY[sdk=iphoneos*]" = "iPhone Developer";
				COPY_PHASE_STRIP = YES;
				GCC_C_LANGUAGE_STANDARD = gnu99;
				GCC_VERSION = com.apple.compilers.llvm.clang.1_0;
				GCC_WARN_ABOUT_MISSING_PROTOTYPES = YES;
				GCC_WARN_ABOUT_RETURN_TYPE = YES;
				GCC_WARN_UNUSED_VARIABLE = YES;
				IPHONEOS_DEPLOYMENT_TARGET = 5.0;
				OTHER_CFLAGS = "-DNS_BLOCK_ASSERTIONS=1";
				SDKROOT = iphoneos;
				VALIDATE_PRODUCT = YES;
			};
			name = Release;
		};
		97AAA17D163550B300178403 /* Debug */ = {
			isa = XCBuildConfiguration;
			buildSettings = {
				GCC_PRECOMPILE_PREFIX_HEADER = YES;
				GCC_PREFIX_HEADER = "Telugu/Telugu-Prefix.pch";
				INFOPLIST_FILE = "Telugu/Telugu-Info.plist";
				PRODUCT_NAME = "$(TARGET_NAME)";
				WRAPPER_EXTENSION = app;
			};
			name = Debug;
		};
		97AAA17E163550B300178403 /* Release */ = {
			isa = XCBuildConfiguration;
			buildSettings = {
				GCC_PRECOMPILE_PREFIX_HEADER = YES;
				GCC_PREFIX_HEADER = "Telugu/Telugu-Prefix.pch";
				INFOPLIST_FILE = "Telugu/Telugu-Info.plist";
				PRODUCT_NAME = "$(TARGET_NAME)";
				WRAPPER_EXTENSION = app;
			};
			name = Release;
		};
/* End XCBuildConfiguration section */

/* Begin XCConfigurationList section */
		97AAA158163550B300178403 /* Build configuration list for PBXProject "Telugu" */ = {
			isa = XCConfigurationList;
			buildConfigurations = (
				97AAA17A163550B300178403 /* Debug */,
				97AAA17B163550B300178403 /* Release */,
			);
			defaultConfigurationIsVisible = 0;
			defaultConfigurationName = Release;
		};
		97AAA17C163550B300178403 /* Build configuration list for PBXNativeTarget "Telugu" */ = {
			isa = XCConfigurationList;
			buildConfigurations = (
				97AAA17D163550B300178403 /* Debug */,
				97AAA17E163550B300178403 /* Release */,
			);
			defaultConfigurationIsVisible = 0;
			defaultConfigurationName = Release;
		};
/* End XCConfigurationList section */
	};
	rootObject = 97AAA155163550B300178403 /* Project object */;
}
